
Microsoft Visual Studio Solution File, Format Version 12.00
# Visual Studio Version 16
VisualStudioVersion = 16.0.30907.101
MinimumVisualStudioVersion = 10.0.40219.1
Project("{9A19103F-16F7-4668-BE54-9A1E7A4F7556}") = "ReCapProject.Core", "ReCapProject.Core\ReCapProject.Core.csproj", "{4E3A5F4A-5D4E-4A84-996A-4B17E85E2B3C}"
EndProject
Project("{9A19103F-16F7-4668-BE54-9A1E7A4F7556}") = "ReCapProject.RentACar.Business", "ReCapProject.RentACar.Business\ReCapProject.RentACar.Business.csproj", "{BF5EDCB9-B67A-4CC0-8D21-EACB599B54D6}"
EndProject
Project("{9A19103F-16F7-4668-BE54-9A1E7A4F7556}") = "ReCapProject.RentACar.DataAccess", "ReCapProject.RentACar.DataAccess\ReCapProject.RentACar.DataAccess.csproj", "{9E17ECEA-F426-48E4-B55E-056CF619273E}"
EndProject
Project("{9A19103F-16F7-4668-BE54-9A1E7A4F7556}") = "ReCapProject.RentACar.Entities", "ReCapProject.RentACar.Entities\ReCapProject.RentACar.Entities.csproj", "{4BFBF781-7B79-4F6B-A8EA-B60AEF8910CB}"
EndProject
Global
	GlobalSection(SolutionConfigurationPlatforms) = preSolution
		Debug|Any CPU = Debug|Any CPU
		Release|Any CPU = Release|Any CPU
	EndGlobalSection
	GlobalSection(ProjectConfigurationPlatforms) = postSolution
		{4E3A5F4A-5D4E-4A84-996A-4B17E85E2B3C}.Debug|Any CPU.ActiveCfg = Debug|Any CPU
		{4E3A5F4A-5D4E-4A84-996A-4B17E85E2B3C}.Debug|Any CPU.Build.0 = Debug|Any CPU
		{4E3A5F4A-5D4E-4A84-996A-4B17E85E2B3C}.Release|Any CPU.ActiveCfg = Release|Any CPU
		{4E3A5F4A-5D4E-4A84-996A-4B17E85E2B3C}.Release|Any CPU.Build.0 = Release|Any CPU
		{BF5EDCB9-B67A-4CC0-8D21-EACB599B54D6}.Debug|Any CPU.ActiveCfg = Debug|Any CPU
		{BF5EDCB9-B67A-4CC0-8D21-EACB599B54D6}.Debug|Any CPU.Build.0 = Debug|Any CPU
		{BF5EDCB9-B67A-4CC0-8D21-EACB599B54D6}.Release|Any CPU.ActiveCfg = Release|Any CPU
		{BF5EDCB9-B67A-4CC0-8D21-EACB599B54D6}.Release|Any CPU.Build.0 = Release|Any CPU
		{9E17ECEA-F426-48E4-B55E-056CF619273E}.Debug|Any CPU.ActiveCfg = Debug|Any CPU
		{9E17ECEA-F426-48E4-B55E-056CF619273E}.Debug|Any CPU.Build.0 = Debug|Any CPU
		{9E17ECEA-F426-48E4-B55E-056CF619273E}.Release|Any CPU.ActiveCfg = Release|Any CPU
		{9E17ECEA-F426-48E4-B55E-056CF619273E}.Release|Any CPU.Build.0 = Release|Any CPU
		{4BFBF781-7B79-4F6B-A8EA-B60AEF8910CB}.Debug|Any CPU.ActiveCfg = Debug|Any CPU
		{4BFBF781-7B79-4F6B-A8EA-B60AEF8910CB}.Debug|Any CPU.Build.0 = Debug|Any CPU
		{4BFBF781-7B79-4F6B-A8EA-B60AEF8910CB}.Release|Any CPU.ActiveCfg = Release|Any CPU
		{4BFBF781-7B79-4F6B-A8EA-B60AEF8910CB}.Release|Any CPU.Build.0 = Release|Any CPU
	EndGlobalSection
	GlobalSection(SolutionProperties) = preSolution
		HideSolutionNode = FALSE
	EndGlobalSection
	GlobalSection(ExtensibilityGlobals) = postSolution
		SolutionGuid = {0B4596A6-1C36-40F4-9E53-2BF6A095506B}
	EndGlobalSection
EndGlobal
